// !$*UTF8*$!
{
	archiveVersion = 1;
	classes = {
	};
	objectVersion = 55;
	objects = {

/* Begin PBXBuildFile section */
		C41265F828BF87330071C959 /* NotificationNameExtensions.swift in Sources */ = {isa = PBXBuildFile; fileRef = C41265F728BF87330071C959 /* NotificationNameExtensions.swift */; };
		C429B7A228B6BBD700C2741A /* DateExtensions.swift in Sources */ = {isa = PBXBuildFile; fileRef = C429B7A128B6BBD700C2741A /* DateExtensions.swift */; };
		C43FF6E12897A87200BFA61B /* EditOrDeletePopupView.swift in Sources */ = {isa = PBXBuildFile; fileRef = C43FF6E02897A87200BFA61B /* EditOrDeletePopupView.swift */; };
		C43FF6E22897A87200BFA61B /* EditOrDeletePopupView.swift in Sources */ = {isa = PBXBuildFile; fileRef = C43FF6E02897A87200BFA61B /* EditOrDeletePopupView.swift */; };
		C43FF6E42897A88300BFA61B /* EditOrDeletePopupView.xib in Resources */ = {isa = PBXBuildFile; fileRef = C43FF6E32897A88300BFA61B /* EditOrDeletePopupView.xib */; };
		C43FF6E52897A88300BFA61B /* EditOrDeletePopupView.xib in Resources */ = {isa = PBXBuildFile; fileRef = C43FF6E32897A88300BFA61B /* EditOrDeletePopupView.xib */; };
		C43FF6F4289800D600BFA61B /* DatePickViewController.xib in Resources */ = {isa = PBXBuildFile; fileRef = C43FF6F3289800D600BFA61B /* DatePickViewController.xib */; };
		C43FF6F5289800D600BFA61B /* DatePickViewController.xib in Resources */ = {isa = PBXBuildFile; fileRef = C43FF6F3289800D600BFA61B /* DatePickViewController.xib */; };
		C43FF6F7289800E800BFA61B /* DatePickViewController.swift in Sources */ = {isa = PBXBuildFile; fileRef = C43FF6F6289800E800BFA61B /* DatePickViewController.swift */; };
		C43FF6F8289800E800BFA61B /* DatePickViewController.swift in Sources */ = {isa = PBXBuildFile; fileRef = C43FF6F6289800E800BFA61B /* DatePickViewController.swift */; };
		C44ED5BD28F2C98B00DC9265 /* ReusableView.swift in Sources */ = {isa = PBXBuildFile; fileRef = C44ED5BC28F2C98B00DC9265 /* ReusableView.swift */; };
		C44ED5BF28F3005A00DC9265 /* ConstantQuotes.swift in Sources */ = {isa = PBXBuildFile; fileRef = C44ED5BE28F3005A00DC9265 /* ConstantQuotes.swift */; };
		C454513528A91A56003F4A26 /* PickEmotionEntity.swift in Sources */ = {isa = PBXBuildFile; fileRef = C454513428A91A56003F4A26 /* PickEmotionEntity.swift */; };
		C454513728A944CB003F4A26 /* UIViewControllerExtensions.swift in Sources */ = {isa = PBXBuildFile; fileRef = C454513628A944CB003F4A26 /* UIViewControllerExtensions.swift */; };
		C455D63C289D556100B8DEBE /* SettingsCollectionViewCell.swift in Sources */ = {isa = PBXBuildFile; fileRef = C455D63B289D556100B8DEBE /* SettingsCollectionViewCell.swift */; };
		C455D641289D55B800B8DEBE /* SettingsCollectionViewCell.xib in Resources */ = {isa = PBXBuildFile; fileRef = C455D640289D55B800B8DEBE /* SettingsCollectionViewCell.xib */; };
		C45E070228994BC500A524FD /* PickEmotionViewController.swift in Sources */ = {isa = PBXBuildFile; fileRef = C45E070128994BC500A524FD /* PickEmotionViewController.swift */; };
		C45E070328994BC500A524FD /* PickEmotionViewController.swift in Sources */ = {isa = PBXBuildFile; fileRef = C45E070128994BC500A524FD /* PickEmotionViewController.swift */; };
		C45E070528994BD400A524FD /* PickEmotionViewController.xib in Resources */ = {isa = PBXBuildFile; fileRef = C45E070428994BD400A524FD /* PickEmotionViewController.xib */; };
		C45E070A2899555700A524FD /* PickEmotionCollectionViewCell.swift in Sources */ = {isa = PBXBuildFile; fileRef = C45E07092899555700A524FD /* PickEmotionCollectionViewCell.swift */; };
		C45E070B2899555700A524FD /* PickEmotionCollectionViewCell.swift in Sources */ = {isa = PBXBuildFile; fileRef = C45E07092899555700A524FD /* PickEmotionCollectionViewCell.swift */; };
		C4699F7A28A146DB00213122 /* AnalizeCell.swift in Sources */ = {isa = PBXBuildFile; fileRef = C4699F7928A146DB00213122 /* AnalizeCell.swift */; };
		C4699F7C28A146EA00213122 /* AnalizeCell.xib in Resources */ = {isa = PBXBuildFile; fileRef = C4699F7B28A146EA00213122 /* AnalizeCell.xib */; };
		C4863A8B2892643900251BF3 /* AnalizeViewController.swift in Sources */ = {isa = PBXBuildFile; fileRef = C4863A8A2892643900251BF3 /* AnalizeViewController.swift */; };
		C4863A8F2892647300251BF3 /* AnalizeViewController.xib in Resources */ = {isa = PBXBuildFile; fileRef = C4863A8E2892647300251BF3 /* AnalizeViewController.xib */; };
		C4863A902892647300251BF3 /* AnalizeViewController.xib in Resources */ = {isa = PBXBuildFile; fileRef = C4863A8E2892647300251BF3 /* AnalizeViewController.xib */; };
		C4863A92289265CD00251BF3 /* AnalizePresenter.swift in Sources */ = {isa = PBXBuildFile; fileRef = C4863A91289265CD00251BF3 /* AnalizePresenter.swift */; };
		C4863A93289265CD00251BF3 /* AnalizePresenter.swift in Sources */ = {isa = PBXBuildFile; fileRef = C4863A91289265CD00251BF3 /* AnalizePresenter.swift */; };
		C4863A95289265E000251BF3 /* AnalizeInteractor.swift in Sources */ = {isa = PBXBuildFile; fileRef = C4863A94289265E000251BF3 /* AnalizeInteractor.swift */; };
		C4863A96289265E000251BF3 /* AnalizeInteractor.swift in Sources */ = {isa = PBXBuildFile; fileRef = C4863A94289265E000251BF3 /* AnalizeInteractor.swift */; };
		C4863A98289265EE00251BF3 /* AnalizeEntity.swift in Sources */ = {isa = PBXBuildFile; fileRef = C4863A97289265EE00251BF3 /* AnalizeEntity.swift */; };
		C4863A99289265EE00251BF3 /* AnalizeEntity.swift in Sources */ = {isa = PBXBuildFile; fileRef = C4863A97289265EE00251BF3 /* AnalizeEntity.swift */; };
		C4863A9B289265FB00251BF3 /* AnalizeRouter.swift in Sources */ = {isa = PBXBuildFile; fileRef = C4863A9A289265FB00251BF3 /* AnalizeRouter.swift */; };
		C4863A9C289265FB00251BF3 /* AnalizeRouter.swift in Sources */ = {isa = PBXBuildFile; fileRef = C4863A9A289265FB00251BF3 /* AnalizeRouter.swift */; };
		C4863A9D2892743400251BF3 /* AnalizeViewController.swift in Sources */ = {isa = PBXBuildFile; fileRef = C4863A8A2892643900251BF3 /* AnalizeViewController.swift */; };
		C494DD2F29262884000B9245 /* InfoViewController.swift in Sources */ = {isa = PBXBuildFile; fileRef = C494DD2E29262884000B9245 /* InfoViewController.swift */; };
		C49E65712924C225005A3606 /* Charts in Frameworks */ = {isa = PBXBuildFile; productRef = C49E65702924C225005A3606 /* Charts */; };
		C49E65732924FAA3005A3606 /* AvatarPickViewController.swift in Sources */ = {isa = PBXBuildFile; fileRef = C49E65722924FAA3005A3606 /* AvatarPickViewController.swift */; };
		C49E65752924FADD005A3606 /* AvatarPickViewController.xib in Resources */ = {isa = PBXBuildFile; fileRef = C49E65742924FADD005A3606 /* AvatarPickViewController.xib */; };
		C49E65772925030B005A3606 /* AvatarCollectionViewCell.swift in Sources */ = {isa = PBXBuildFile; fileRef = C49E65762925030B005A3606 /* AvatarCollectionViewCell.swift */; };
		C49E657929250326005A3606 /* AvatarCollectionViewCell.xib in Resources */ = {isa = PBXBuildFile; fileRef = C49E657829250326005A3606 /* AvatarCollectionViewCell.xib */; };
		C49E657B29255D60005A3606 /* SplashViewController.swift in Sources */ = {isa = PBXBuildFile; fileRef = C49E657A29255D60005A3606 /* SplashViewController.swift */; };
		C49E657D29255D7F005A3606 /* SplashScreenItem.swift in Sources */ = {isa = PBXBuildFile; fileRef = C49E657C29255D7F005A3606 /* SplashScreenItem.swift */; };
		C4A20353289110B60085AC1D /* AppDelegate.swift in Sources */ = {isa = PBXBuildFile; fileRef = C4A20352289110B60085AC1D /* AppDelegate.swift */; };
		C4A20355289110B60085AC1D /* SceneDelegate.swift in Sources */ = {isa = PBXBuildFile; fileRef = C4A20354289110B60085AC1D /* SceneDelegate.swift */; };
		C4A20357289110B60085AC1D /* ViewController.swift in Sources */ = {isa = PBXBuildFile; fileRef = C4A20356289110B60085AC1D /* ViewController.swift */; };
		C4A2035A289110B60085AC1D /* Main.storyboard in Resources */ = {isa = PBXBuildFile; fileRef = C4A20358289110B60085AC1D /* Main.storyboard */; };
		C4A2035D289110B60085AC1D /* Affectus.xcdatamodeld in Sources */ = {isa = PBXBuildFile; fileRef = C4A2035B289110B60085AC1D /* Affectus.xcdatamodeld */; };
		C4A2035F289110B70085AC1D /* Assets.xcassets in Resources */ = {isa = PBXBuildFile; fileRef = C4A2035E289110B70085AC1D /* Assets.xcassets */; };
		C4A20362289110B70085AC1D /* LaunchScreen.storyboard in Resources */ = {isa = PBXBuildFile; fileRef = C4A20360289110B70085AC1D /* LaunchScreen.storyboard */; };
		C4A2036D289110B70085AC1D /* AffectusTests.swift in Sources */ = {isa = PBXBuildFile; fileRef = C4A2036C289110B70085AC1D /* AffectusTests.swift */; };
		C4A20377289110B70085AC1D /* AffectusUITests.swift in Sources */ = {isa = PBXBuildFile; fileRef = C4A20376289110B70085AC1D /* AffectusUITests.swift */; };
		C4A20379289110B70085AC1D /* AffectusUITestsLaunchTests.swift in Sources */ = {isa = PBXBuildFile; fileRef = C4A20378289110B70085AC1D /* AffectusUITestsLaunchTests.swift */; };
		C4A203862891115D0085AC1D /* MainViewController.swift in Sources */ = {isa = PBXBuildFile; fileRef = C4A203852891115D0085AC1D /* MainViewController.swift */; };
		C4A203872891115D0085AC1D /* MainViewController.swift in Sources */ = {isa = PBXBuildFile; fileRef = C4A203852891115D0085AC1D /* MainViewController.swift */; };
		C4A2038A2891119F0085AC1D /* MainPresenter.swift in Sources */ = {isa = PBXBuildFile; fileRef = C4A203892891119F0085AC1D /* MainPresenter.swift */; };
		C4A2038B2891119F0085AC1D /* MainPresenter.swift in Sources */ = {isa = PBXBuildFile; fileRef = C4A203892891119F0085AC1D /* MainPresenter.swift */; };
		C4A2038D289111AD0085AC1D /* MainInteractor.swift in Sources */ = {isa = PBXBuildFile; fileRef = C4A2038C289111AD0085AC1D /* MainInteractor.swift */; };
		C4A2038E289111AD0085AC1D /* MainInteractor.swift in Sources */ = {isa = PBXBuildFile; fileRef = C4A2038C289111AD0085AC1D /* MainInteractor.swift */; };
		C4A20390289111B70085AC1D /* MainEntity.swift in Sources */ = {isa = PBXBuildFile; fileRef = C4A2038F289111B70085AC1D /* MainEntity.swift */; };
		C4A20391289111B70085AC1D /* MainEntity.swift in Sources */ = {isa = PBXBuildFile; fileRef = C4A2038F289111B70085AC1D /* MainEntity.swift */; };
		C4A20393289111C10085AC1D /* MainRouter.swift in Sources */ = {isa = PBXBuildFile; fileRef = C4A20392289111C10085AC1D /* MainRouter.swift */; };
		C4A20394289111C10085AC1D /* MainRouter.swift in Sources */ = {isa = PBXBuildFile; fileRef = C4A20392289111C10085AC1D /* MainRouter.swift */; };
		C4A20396289114340085AC1D /* MainViewController.xib in Resources */ = {isa = PBXBuildFile; fileRef = C4A20395289114340085AC1D /* MainViewController.xib */; };
		C4A20397289114340085AC1D /* MainViewController.xib in Resources */ = {isa = PBXBuildFile; fileRef = C4A20395289114340085AC1D /* MainViewController.xib */; };
		C4A2039928912A400085AC1D /* MainTabbarViewController.swift in Sources */ = {isa = PBXBuildFile; fileRef = C4A2039828912A400085AC1D /* MainTabbarViewController.swift */; };
		C4A2039A28912A400085AC1D /* MainTabbarViewController.swift in Sources */ = {isa = PBXBuildFile; fileRef = C4A2039828912A400085AC1D /* MainTabbarViewController.swift */; };
		C4A203A428912D760085AC1D /* SettingsViewController.swift in Sources */ = {isa = PBXBuildFile; fileRef = C4A203A328912D760085AC1D /* SettingsViewController.swift */; };
		C4A203A828912DA80085AC1D /* SettingsViewController.xib in Resources */ = {isa = PBXBuildFile; fileRef = C4A203A728912DA80085AC1D /* SettingsViewController.xib */; };
		C4A203A928912DA80085AC1D /* SettingsViewController.xib in Resources */ = {isa = PBXBuildFile; fileRef = C4A203A728912DA80085AC1D /* SettingsViewController.xib */; };
		C4A203AB28912DB80085AC1D /* SettingsPresenter.swift in Sources */ = {isa = PBXBuildFile; fileRef = C4A203AA28912DB80085AC1D /* SettingsPresenter.swift */; };
		C4A203AC28912DB80085AC1D /* SettingsPresenter.swift in Sources */ = {isa = PBXBuildFile; fileRef = C4A203AA28912DB80085AC1D /* SettingsPresenter.swift */; };
		C4A203AE28912DC70085AC1D /* SettingsInteractor.swift in Sources */ = {isa = PBXBuildFile; fileRef = C4A203AD28912DC70085AC1D /* SettingsInteractor.swift */; };
		C4A203AF28912DC70085AC1D /* SettingsInteractor.swift in Sources */ = {isa = PBXBuildFile; fileRef = C4A203AD28912DC70085AC1D /* SettingsInteractor.swift */; };
		C4A203B128912DD60085AC1D /* SettingsEntity.swift in Sources */ = {isa = PBXBuildFile; fileRef = C4A203B028912DD60085AC1D /* SettingsEntity.swift */; };
		C4A203B228912DD60085AC1D /* SettingsEntity.swift in Sources */ = {isa = PBXBuildFile; fileRef = C4A203B028912DD60085AC1D /* SettingsEntity.swift */; };
		C4A203B428912DE20085AC1D /* SettingsRouter.swift in Sources */ = {isa = PBXBuildFile; fileRef = C4A203B328912DE20085AC1D /* SettingsRouter.swift */; };
		C4A203B528912DE20085AC1D /* SettingsRouter.swift in Sources */ = {isa = PBXBuildFile; fileRef = C4A203B328912DE20085AC1D /* SettingsRouter.swift */; };
		C4A203B728912FDB0085AC1D /* AddNewViewController.swift in Sources */ = {isa = PBXBuildFile; fileRef = C4A203B628912FDB0085AC1D /* AddNewViewController.swift */; };
		C4A203BB2891300A0085AC1D /* AddNewViewController.xib in Resources */ = {isa = PBXBuildFile; fileRef = C4A203BA2891300A0085AC1D /* AddNewViewController.xib */; };
		C4A203BC2891300A0085AC1D /* AddNewViewController.xib in Resources */ = {isa = PBXBuildFile; fileRef = C4A203BA2891300A0085AC1D /* AddNewViewController.xib */; };
		C4A203BE289130550085AC1D /* AddNewPresenter.swift in Sources */ = {isa = PBXBuildFile; fileRef = C4A203BD289130550085AC1D /* AddNewPresenter.swift */; };
		C4A203BF289130550085AC1D /* AddNewPresenter.swift in Sources */ = {isa = PBXBuildFile; fileRef = C4A203BD289130550085AC1D /* AddNewPresenter.swift */; };
		C4A203C1289130840085AC1D /* AddNewInteractor.swift in Sources */ = {isa = PBXBuildFile; fileRef = C4A203C0289130840085AC1D /* AddNewInteractor.swift */; };
		C4A203C2289130840085AC1D /* AddNewInteractor.swift in Sources */ = {isa = PBXBuildFile; fileRef = C4A203C0289130840085AC1D /* AddNewInteractor.swift */; };
		C4A203C4289130D50085AC1D /* AddNewEntity.swift in Sources */ = {isa = PBXBuildFile; fileRef = C4A203C3289130D50085AC1D /* AddNewEntity.swift */; };
		C4A203C5289130D50085AC1D /* AddNewEntity.swift in Sources */ = {isa = PBXBuildFile; fileRef = C4A203C3289130D50085AC1D /* AddNewEntity.swift */; };
		C4A203C7289130EF0085AC1D /* AddNewRouter.swift in Sources */ = {isa = PBXBuildFile; fileRef = C4A203C6289130EF0085AC1D /* AddNewRouter.swift */; };
		C4A203C8289130EF0085AC1D /* AddNewRouter.swift in Sources */ = {isa = PBXBuildFile; fileRef = C4A203C6289130EF0085AC1D /* AddNewRouter.swift */; };
		C4A203CA289131F60085AC1D /* PulseAnimation.swift in Sources */ = {isa = PBXBuildFile; fileRef = C4A203C9289131F60085AC1D /* PulseAnimation.swift */; };
		C4A203CB289131F60085AC1D /* PulseAnimation.swift in Sources */ = {isa = PBXBuildFile; fileRef = C4A203C9289131F60085AC1D /* PulseAnimation.swift */; };
		C4A203CE289150760085AC1D /* MainCell.swift in Sources */ = {isa = PBXBuildFile; fileRef = C4A203CD289150760085AC1D /* MainCell.swift */; };
		C4A203CF289150760085AC1D /* MainCell.swift in Sources */ = {isa = PBXBuildFile; fileRef = C4A203CD289150760085AC1D /* MainCell.swift */; };
		C4A203D22891509D0085AC1D /* MainCell.xib in Resources */ = {isa = PBXBuildFile; fileRef = C4A203D12891509D0085AC1D /* MainCell.xib */; };
		C4A203D32891509D0085AC1D /* MainCell.xib in Resources */ = {isa = PBXBuildFile; fileRef = C4A203D12891509D0085AC1D /* MainCell.xib */; };
		C4C1E5B4289EDD1A00C00C01 /* AnalizeChartView.xib in Resources */ = {isa = PBXBuildFile; fileRef = C4C1E5B3289EDD1A00C00C01 /* AnalizeChartView.xib */; };
		C4C1E5B7289EDD4200C00C01 /* AnalizeChartView.swift in Sources */ = {isa = PBXBuildFile; fileRef = C4C1E5B6289EDD4200C00C01 /* AnalizeChartView.swift */; };
		C4D605A528E0789C00B7AD79 /* FSCalendar in Frameworks */ = {isa = PBXBuildFile; productRef = C4D605A428E0789C00B7AD79 /* FSCalendar */; };
		C4E3E9CD28A3995200C994A3 /* CoreDataManager.swift in Sources */ = {isa = PBXBuildFile; fileRef = C4E3E9CC28A3995200C994A3 /* CoreDataManager.swift */; };
		C4E3E9CE28A3995200C994A3 /* CoreDataManager.swift in Sources */ = {isa = PBXBuildFile; fileRef = C4E3E9CC28A3995200C994A3 /* CoreDataManager.swift */; };
		C4E3E9D128A4395800C994A3 /* PickEmotionCollectionViewCell.xib in Resources */ = {isa = PBXBuildFile; fileRef = C4E3E9D028A4395800C994A3 /* PickEmotionCollectionViewCell.xib */; };
		C4E3E9D228A4395800C994A3 /* PickEmotionCollectionViewCell.xib in Resources */ = {isa = PBXBuildFile; fileRef = C4E3E9D028A4395800C994A3 /* PickEmotionCollectionViewCell.xib */; };
		C4FF24E128BA882E008BB7DE /* JournalPageViewController.swift in Sources */ = {isa = PBXBuildFile; fileRef = C4FF24E028BA882E008BB7DE /* JournalPageViewController.swift */; };
		C4FF24E428BA888B008BB7DE /* JournalPageViewController.xib in Resources */ = {isa = PBXBuildFile; fileRef = C4FF24E328BA888B008BB7DE /* JournalPageViewController.xib */; };
		C4FF24E628BA88C6008BB7DE /* JournalPagePresenter.swift in Sources */ = {isa = PBXBuildFile; fileRef = C4FF24E528BA88C6008BB7DE /* JournalPagePresenter.swift */; };
		C4FF24E828BA88F6008BB7DE /* JournalPageInteractor.swift in Sources */ = {isa = PBXBuildFile; fileRef = C4FF24E728BA88F6008BB7DE /* JournalPageInteractor.swift */; };
		C4FF24EA28BA8963008BB7DE /* JournalPageEntity.swift in Sources */ = {isa = PBXBuildFile; fileRef = C4FF24E928BA8963008BB7DE /* JournalPageEntity.swift */; };
		C4FF24EC28BA898E008BB7DE /* JournalPageRouter.swift in Sources */ = {isa = PBXBuildFile; fileRef = C4FF24EB28BA898E008BB7DE /* JournalPageRouter.swift */; };
		C4FF24EE28BA8F21008BB7DE /* JournalPageCollectionCell.xib in Resources */ = {isa = PBXBuildFile; fileRef = C4FF24ED28BA8F21008BB7DE /* JournalPageCollectionCell.xib */; };
		C4FF24F128BA8FA7008BB7DE /* JournalPageCollectionCell.swift in Sources */ = {isa = PBXBuildFile; fileRef = C4FF24F028BA8FA7008BB7DE /* JournalPageCollectionCell.swift */; };
/* End PBXBuildFile section */

/* Begin PBXContainerItemProxy section */
		C4A20369289110B70085AC1D /* PBXContainerItemProxy */ = {
			isa = PBXContainerItemProxy;
			containerPortal = C4A20347289110B60085AC1D /* Project object */;
			proxyType = 1;
			remoteGlobalIDString = C4A2034E289110B60085AC1D;
			remoteInfo = Affectus;
		};
		C4A20373289110B70085AC1D /* PBXContainerItemProxy */ = {
			isa = PBXContainerItemProxy;
			containerPortal = C4A20347289110B60085AC1D /* Project object */;
			proxyType = 1;
			remoteGlobalIDString = C4A2034E289110B60085AC1D;
			remoteInfo = Affectus;
		};
/* End PBXContainerItemProxy section */

/* Begin PBXFileReference section */
		C41265F728BF87330071C959 /* NotificationNameExtensions.swift */ = {isa = PBXFileReference; lastKnownFileType = sourcecode.swift; path = NotificationNameExtensions.swift; sourceTree = "<group>"; };
		C429B7A128B6BBD700C2741A /* DateExtensions.swift */ = {isa = PBXFileReference; lastKnownFileType = sourcecode.swift; path = DateExtensions.swift; sourceTree = "<group>"; };
		C43FF6E02897A87200BFA61B /* EditOrDeletePopupView.swift */ = {isa = PBXFileReference; lastKnownFileType = sourcecode.swift; path = EditOrDeletePopupView.swift; sourceTree = "<group>"; };
		C43FF6E32897A88300BFA61B /* EditOrDeletePopupView.xib */ = {isa = PBXFileReference; lastKnownFileType = file.xib; path = EditOrDeletePopupView.xib; sourceTree = "<group>"; };
		C43FF6F3289800D600BFA61B /* DatePickViewController.xib */ = {isa = PBXFileReference; lastKnownFileType = file.xib; path = DatePickViewController.xib; sourceTree = "<group>"; };
		C43FF6F6289800E800BFA61B /* DatePickViewController.swift */ = {isa = PBXFileReference; lastKnownFileType = sourcecode.swift; path = DatePickViewController.swift; sourceTree = "<group>"; };
		C44ED5BC28F2C98B00DC9265 /* ReusableView.swift */ = {isa = PBXFileReference; lastKnownFileType = sourcecode.swift; path = ReusableView.swift; sourceTree = "<group>"; };
		C44ED5BE28F3005A00DC9265 /* ConstantQuotes.swift */ = {isa = PBXFileReference; lastKnownFileType = sourcecode.swift; path = ConstantQuotes.swift; sourceTree = "<group>"; };
		C454513428A91A56003F4A26 /* PickEmotionEntity.swift */ = {isa = PBXFileReference; lastKnownFileType = sourcecode.swift; path = PickEmotionEntity.swift; sourceTree = "<group>"; };
		C454513628A944CB003F4A26 /* UIViewControllerExtensions.swift */ = {isa = PBXFileReference; lastKnownFileType = sourcecode.swift; path = UIViewControllerExtensions.swift; sourceTree = "<group>"; };
		C455D63B289D556100B8DEBE /* SettingsCollectionViewCell.swift */ = {isa = PBXFileReference; lastKnownFileType = sourcecode.swift; path = SettingsCollectionViewCell.swift; sourceTree = "<group>"; };
		C455D640289D55B800B8DEBE /* SettingsCollectionViewCell.xib */ = {isa = PBXFileReference; lastKnownFileType = file.xib; path = SettingsCollectionViewCell.xib; sourceTree = "<group>"; };
		C45E070128994BC500A524FD /* PickEmotionViewController.swift */ = {isa = PBXFileReference; lastKnownFileType = sourcecode.swift; path = PickEmotionViewController.swift; sourceTree = "<group>"; };
		C45E070428994BD400A524FD /* PickEmotionViewController.xib */ = {isa = PBXFileReference; lastKnownFileType = file.xib; path = PickEmotionViewController.xib; sourceTree = "<group>"; };
		C45E07092899555700A524FD /* PickEmotionCollectionViewCell.swift */ = {isa = PBXFileReference; lastKnownFileType = sourcecode.swift; path = PickEmotionCollectionViewCell.swift; sourceTree = "<group>"; };
		C4699F7928A146DB00213122 /* AnalizeCell.swift */ = {isa = PBXFileReference; lastKnownFileType = sourcecode.swift; path = AnalizeCell.swift; sourceTree = "<group>"; };
		C4699F7B28A146EA00213122 /* AnalizeCell.xib */ = {isa = PBXFileReference; lastKnownFileType = file.xib; path = AnalizeCell.xib; sourceTree = "<group>"; };
		C4863A8A2892643900251BF3 /* AnalizeViewController.swift */ = {isa = PBXFileReference; lastKnownFileType = sourcecode.swift; path = AnalizeViewController.swift; sourceTree = "<group>"; };
		C4863A8E2892647300251BF3 /* AnalizeViewController.xib */ = {isa = PBXFileReference; lastKnownFileType = file.xib; path = AnalizeViewController.xib; sourceTree = "<group>"; };
		C4863A91289265CD00251BF3 /* AnalizePresenter.swift */ = {isa = PBXFileReference; lastKnownFileType = sourcecode.swift; path = AnalizePresenter.swift; sourceTree = "<group>"; };
		C4863A94289265E000251BF3 /* AnalizeInteractor.swift */ = {isa = PBXFileReference; lastKnownFileType = sourcecode.swift; path = AnalizeInteractor.swift; sourceTree = "<group>"; };
		C4863A97289265EE00251BF3 /* AnalizeEntity.swift */ = {isa = PBXFileReference; lastKnownFileType = sourcecode.swift; path = AnalizeEntity.swift; sourceTree = "<group>"; };
		C4863A9A289265FB00251BF3 /* AnalizeRouter.swift */ = {isa = PBXFileReference; lastKnownFileType = sourcecode.swift; path = AnalizeRouter.swift; sourceTree = "<group>"; };
		C494DD2E29262884000B9245 /* InfoViewController.swift */ = {isa = PBXFileReference; lastKnownFileType = sourcecode.swift; path = InfoViewController.swift; sourceTree = "<group>"; };
		C49E65722924FAA3005A3606 /* AvatarPickViewController.swift */ = {isa = PBXFileReference; lastKnownFileType = sourcecode.swift; path = AvatarPickViewController.swift; sourceTree = "<group>"; };
		C49E65742924FADD005A3606 /* AvatarPickViewController.xib */ = {isa = PBXFileReference; lastKnownFileType = file.xib; path = AvatarPickViewController.xib; sourceTree = "<group>"; };
		C49E65762925030B005A3606 /* AvatarCollectionViewCell.swift */ = {isa = PBXFileReference; lastKnownFileType = sourcecode.swift; path = AvatarCollectionViewCell.swift; sourceTree = "<group>"; };
		C49E657829250326005A3606 /* AvatarCollectionViewCell.xib */ = {isa = PBXFileReference; lastKnownFileType = file.xib; path = AvatarCollectionViewCell.xib; sourceTree = "<group>"; };
		C49E657A29255D60005A3606 /* SplashViewController.swift */ = {isa = PBXFileReference; lastKnownFileType = sourcecode.swift; path = SplashViewController.swift; sourceTree = "<group>"; };
		C49E657C29255D7F005A3606 /* SplashScreenItem.swift */ = {isa = PBXFileReference; lastKnownFileType = sourcecode.swift; path = SplashScreenItem.swift; sourceTree = "<group>"; };
		C4A2034F289110B60085AC1D /* Affectus.app */ = {isa = PBXFileReference; explicitFileType = wrapper.application; includeInIndex = 0; path = Affectus.app; sourceTree = BUILT_PRODUCTS_DIR; };
		C4A20352289110B60085AC1D /* AppDelegate.swift */ = {isa = PBXFileReference; lastKnownFileType = sourcecode.swift; path = AppDelegate.swift; sourceTree = "<group>"; };
		C4A20354289110B60085AC1D /* SceneDelegate.swift */ = {isa = PBXFileReference; lastKnownFileType = sourcecode.swift; path = SceneDelegate.swift; sourceTree = "<group>"; };
		C4A20356289110B60085AC1D /* ViewController.swift */ = {isa = PBXFileReference; lastKnownFileType = sourcecode.swift; path = ViewController.swift; sourceTree = "<group>"; };
		C4A20359289110B60085AC1D /* Base */ = {isa = PBXFileReference; lastKnownFileType = file.storyboard; name = Base; path = Base.lproj/Main.storyboard; sourceTree = "<group>"; };
		C4A2035C289110B60085AC1D /* Affectus.xcdatamodel */ = {isa = PBXFileReference; lastKnownFileType = wrapper.xcdatamodel; path = Affectus.xcdatamodel; sourceTree = "<group>"; };
		C4A2035E289110B70085AC1D /* Assets.xcassets */ = {isa = PBXFileReference; lastKnownFileType = folder.assetcatalog; path = Assets.xcassets; sourceTree = "<group>"; };
		C4A20361289110B70085AC1D /* Base */ = {isa = PBXFileReference; lastKnownFileType = file.storyboard; name = Base; path = Base.lproj/LaunchScreen.storyboard; sourceTree = "<group>"; };
		C4A20363289110B70085AC1D /* Info.plist */ = {isa = PBXFileReference; lastKnownFileType = text.plist.xml; path = Info.plist; sourceTree = "<group>"; };
		C4A20368289110B70085AC1D /* AffectusTests.xctest */ = {isa = PBXFileReference; explicitFileType = wrapper.cfbundle; includeInIndex = 0; path = AffectusTests.xctest; sourceTree = BUILT_PRODUCTS_DIR; };
		C4A2036C289110B70085AC1D /* AffectusTests.swift */ = {isa = PBXFileReference; lastKnownFileType = sourcecode.swift; path = AffectusTests.swift; sourceTree = "<group>"; };
		C4A20372289110B70085AC1D /* AffectusUITests.xctest */ = {isa = PBXFileReference; explicitFileType = wrapper.cfbundle; includeInIndex = 0; path = AffectusUITests.xctest; sourceTree = BUILT_PRODUCTS_DIR; };
		C4A20376289110B70085AC1D /* AffectusUITests.swift */ = {isa = PBXFileReference; lastKnownFileType = sourcecode.swift; path = AffectusUITests.swift; sourceTree = "<group>"; };
		C4A20378289110B70085AC1D /* AffectusUITestsLaunchTests.swift */ = {isa = PBXFileReference; lastKnownFileType = sourcecode.swift; path = AffectusUITestsLaunchTests.swift; sourceTree = "<group>"; };
		C4A203852891115D0085AC1D /* MainViewController.swift */ = {isa = PBXFileReference; lastKnownFileType = sourcecode.swift; path = MainViewController.swift; sourceTree = "<group>"; };
		C4A203892891119F0085AC1D /* MainPresenter.swift */ = {isa = PBXFileReference; lastKnownFileType = sourcecode.swift; path = MainPresenter.swift; sourceTree = "<group>"; };
		C4A2038C289111AD0085AC1D /* MainInteractor.swift */ = {isa = PBXFileReference; lastKnownFileType = sourcecode.swift; path = MainInteractor.swift; sourceTree = "<group>"; };
		C4A2038F289111B70085AC1D /* MainEntity.swift */ = {isa = PBXFileReference; lastKnownFileType = sourcecode.swift; path = MainEntity.swift; sourceTree = "<group>"; };
		C4A20392289111C10085AC1D /* MainRouter.swift */ = {isa = PBXFileReference; lastKnownFileType = sourcecode.swift; path = MainRouter.swift; sourceTree = "<group>"; };
		C4A20395289114340085AC1D /* MainViewController.xib */ = {isa = PBXFileReference; lastKnownFileType = file.xib; path = MainViewController.xib; sourceTree = "<group>"; };
		C4A2039828912A400085AC1D /* MainTabbarViewController.swift */ = {isa = PBXFileReference; lastKnownFileType = sourcecode.swift; path = MainTabbarViewController.swift; sourceTree = "<group>"; };
		C4A203A328912D760085AC1D /* SettingsViewController.swift */ = {isa = PBXFileReference; lastKnownFileType = sourcecode.swift; path = SettingsViewController.swift; sourceTree = "<group>"; };
		C4A203A728912DA80085AC1D /* SettingsViewController.xib */ = {isa = PBXFileReference; lastKnownFileType = file.xib; path = SettingsViewController.xib; sourceTree = "<group>"; };
		C4A203AA28912DB80085AC1D /* SettingsPresenter.swift */ = {isa = PBXFileReference; lastKnownFileType = sourcecode.swift; path = SettingsPresenter.swift; sourceTree = "<group>"; };
		C4A203AD28912DC70085AC1D /* SettingsInteractor.swift */ = {isa = PBXFileReference; lastKnownFileType = sourcecode.swift; path = SettingsInteractor.swift; sourceTree = "<group>"; };
		C4A203B028912DD60085AC1D /* SettingsEntity.swift */ = {isa = PBXFileReference; lastKnownFileType = sourcecode.swift; path = SettingsEntity.swift; sourceTree = "<group>"; };
		C4A203B328912DE20085AC1D /* SettingsRouter.swift */ = {isa = PBXFileReference; lastKnownFileType = sourcecode.swift; path = SettingsRouter.swift; sourceTree = "<group>"; };
		C4A203B628912FDB0085AC1D /* AddNewViewController.swift */ = {isa = PBXFileReference; lastKnownFileType = sourcecode.swift; path = AddNewViewController.swift; sourceTree = "<group>"; };
		C4A203BA2891300A0085AC1D /* AddNewViewController.xib */ = {isa = PBXFileReference; lastKnownFileType = file.xib; path = AddNewViewController.xib; sourceTree = "<group>"; };
		C4A203BD289130550085AC1D /* AddNewPresenter.swift */ = {isa = PBXFileReference; lastKnownFileType = sourcecode.swift; path = AddNewPresenter.swift; sourceTree = "<group>"; };
		C4A203C0289130840085AC1D /* AddNewInteractor.swift */ = {isa = PBXFileReference; lastKnownFileType = sourcecode.swift; path = AddNewInteractor.swift; sourceTree = "<group>"; };
		C4A203C3289130D50085AC1D /* AddNewEntity.swift */ = {isa = PBXFileReference; lastKnownFileType = sourcecode.swift; path = AddNewEntity.swift; sourceTree = "<group>"; };
		C4A203C6289130EF0085AC1D /* AddNewRouter.swift */ = {isa = PBXFileReference; lastKnownFileType = sourcecode.swift; path = AddNewRouter.swift; sourceTree = "<group>"; };
		C4A203C9289131F60085AC1D /* PulseAnimation.swift */ = {isa = PBXFileReference; lastKnownFileType = sourcecode.swift; path = PulseAnimation.swift; sourceTree = "<group>"; };
		C4A203CD289150760085AC1D /* MainCell.swift */ = {isa = PBXFileReference; lastKnownFileType = sourcecode.swift; path = MainCell.swift; sourceTree = "<group>"; };
		C4A203D12891509D0085AC1D /* MainCell.xib */ = {isa = PBXFileReference; lastKnownFileType = file.xib; path = MainCell.xib; sourceTree = "<group>"; };
		C4C1E5B3289EDD1A00C00C01 /* AnalizeChartView.xib */ = {isa = PBXFileReference; lastKnownFileType = file.xib; path = AnalizeChartView.xib; sourceTree = "<group>"; };
		C4C1E5B6289EDD4200C00C01 /* AnalizeChartView.swift */ = {isa = PBXFileReference; lastKnownFileType = sourcecode.swift; path = AnalizeChartView.swift; sourceTree = "<group>"; };
		C4E3E9CC28A3995200C994A3 /* CoreDataManager.swift */ = {isa = PBXFileReference; lastKnownFileType = sourcecode.swift; path = CoreDataManager.swift; sourceTree = "<group>"; };
		C4E3E9D028A4395800C994A3 /* PickEmotionCollectionViewCell.xib */ = {isa = PBXFileReference; lastKnownFileType = file.xib; path = PickEmotionCollectionViewCell.xib; sourceTree = "<group>"; };
		C4FF24E028BA882E008BB7DE /* JournalPageViewController.swift */ = {isa = PBXFileReference; lastKnownFileType = sourcecode.swift; path = JournalPageViewController.swift; sourceTree = "<group>"; };
		C4FF24E328BA888B008BB7DE /* JournalPageViewController.xib */ = {isa = PBXFileReference; lastKnownFileType = file.xib; path = JournalPageViewController.xib; sourceTree = "<group>"; };
		C4FF24E528BA88C6008BB7DE /* JournalPagePresenter.swift */ = {isa = PBXFileReference; lastKnownFileType = sourcecode.swift; path = JournalPagePresenter.swift; sourceTree = "<group>"; };
		C4FF24E728BA88F6008BB7DE /* JournalPageInteractor.swift */ = {isa = PBXFileReference; lastKnownFileType = sourcecode.swift; path = JournalPageInteractor.swift; sourceTree = "<group>"; };
		C4FF24E928BA8963008BB7DE /* JournalPageEntity.swift */ = {isa = PBXFileReference; lastKnownFileType = sourcecode.swift; path = JournalPageEntity.swift; sourceTree = "<group>"; };
		C4FF24EB28BA898E008BB7DE /* JournalPageRouter.swift */ = {isa = PBXFileReference; lastKnownFileType = sourcecode.swift; path = JournalPageRouter.swift; sourceTree = "<group>"; };
		C4FF24ED28BA8F21008BB7DE /* JournalPageCollectionCell.xib */ = {isa = PBXFileReference; lastKnownFileType = file.xib; path = JournalPageCollectionCell.xib; sourceTree = "<group>"; };
		C4FF24F028BA8FA7008BB7DE /* JournalPageCollectionCell.swift */ = {isa = PBXFileReference; lastKnownFileType = sourcecode.swift; path = JournalPageCollectionCell.swift; sourceTree = "<group>"; };
/* End PBXFileReference section */

/* Begin PBXFrameworksBuildPhase section */
		C4A2034C289110B60085AC1D /* Frameworks */ = {
			isa = PBXFrameworksBuildPhase;
			buildActionMask = 2147483647;
			files = (
				C4D605A528E0789C00B7AD79 /* FSCalendar in Frameworks */,
				C49E65712924C225005A3606 /* Charts in Frameworks */,
			);
			runOnlyForDeploymentPostprocessing = 0;
		};
		C4A20365289110B70085AC1D /* Frameworks */ = {
			isa = PBXFrameworksBuildPhase;
			buildActionMask = 2147483647;
			files = (
			);
			runOnlyForDeploymentPostprocessing = 0;
		};
		C4A2036F289110B70085AC1D /* Frameworks */ = {
			isa = PBXFrameworksBuildPhase;
			buildActionMask = 2147483647;
			files = (
			);
			runOnlyForDeploymentPostprocessing = 0;
		};
/* End PBXFrameworksBuildPhase section */

/* Begin PBXGroup section */
		C43FF6EC2897F71800BFA61B /* _Components */ = {
			isa = PBXGroup;
			children = (
				C45E070F2899564600A524FD /* _Components */,
				C45E070128994BC500A524FD /* PickEmotionViewController.swift */,
				C45E070428994BD400A524FD /* PickEmotionViewController.xib */,
				C454513428A91A56003F4A26 /* PickEmotionEntity.swift */,
				C43FF6F6289800E800BFA61B /* DatePickViewController.swift */,
				C43FF6F3289800D600BFA61B /* DatePickViewController.xib */,
			);
			path = _Components;
			sourceTree = "<group>";
		};
		C454513828A944D2003F4A26 /* Extension+ */ = {
			isa = PBXGroup;
			children = (
				C454513628A944CB003F4A26 /* UIViewControllerExtensions.swift */,
				C429B7A128B6BBD700C2741A /* DateExtensions.swift */,
				C41265F728BF87330071C959 /* NotificationNameExtensions.swift */,
			);
			path = "Extension+";
			sourceTree = "<group>";
		};
		C455D63D289D558B00B8DEBE /* _Components */ = {
			isa = PBXGroup;
			children = (
				C49E65762925030B005A3606 /* AvatarCollectionViewCell.swift */,
				C49E657829250326005A3606 /* AvatarCollectionViewCell.xib */,
				C49E65722924FAA3005A3606 /* AvatarPickViewController.swift */,
				C49E65742924FADD005A3606 /* AvatarPickViewController.xib */,
				C455D63B289D556100B8DEBE /* SettingsCollectionViewCell.swift */,
				C455D640289D55B800B8DEBE /* SettingsCollectionViewCell.xib */,
			);
			path = _Components;
			sourceTree = "<group>";
		};
		C45E070F2899564600A524FD /* _Components */ = {
			isa = PBXGroup;
			children = (
				C45E07092899555700A524FD /* PickEmotionCollectionViewCell.swift */,
				C4E3E9D028A4395800C994A3 /* PickEmotionCollectionViewCell.xib */,
			);
			path = _Components;
			sourceTree = "<group>";
		};
		C4863A8D2892644300251BF3 /* AnalizePage */ = {
			isa = PBXGroup;
			children = (
				C4C1E5B5289EDD2A00C00C01 /* _Components */,
				C4863A8A2892643900251BF3 /* AnalizeViewController.swift */,
				C4863A8E2892647300251BF3 /* AnalizeViewController.xib */,
				C4863A91289265CD00251BF3 /* AnalizePresenter.swift */,
				C4863A94289265E000251BF3 /* AnalizeInteractor.swift */,
				C4863A97289265EE00251BF3 /* AnalizeEntity.swift */,
				C4863A9A289265FB00251BF3 /* AnalizeRouter.swift */,
			);
			path = AnalizePage;
			sourceTree = "<group>";
		};
		C49E657E29255DA3005A3606 /* SplashScreen */ = {
			isa = PBXGroup;
			children = (
				C49E657A29255D60005A3606 /* SplashViewController.swift */,
				C49E657C29255D7F005A3606 /* SplashScreenItem.swift */,
			);
			path = SplashScreen;
			sourceTree = "<group>";
		};
		C4A20346289110B60085AC1D = {
			isa = PBXGroup;
			children = (
				C4A20351289110B60085AC1D /* Affectus */,
				C4A2036B289110B70085AC1D /* AffectusTests */,
				C4A20375289110B70085AC1D /* AffectusUITests */,
				C4A20350289110B60085AC1D /* Products */,
			);
			sourceTree = "<group>";
		};
		C4A20350289110B60085AC1D /* Products */ = {
			isa = PBXGroup;
			children = (
				C4A2034F289110B60085AC1D /* Affectus.app */,
				C4A20368289110B70085AC1D /* AffectusTests.xctest */,
				C4A20372289110B70085AC1D /* AffectusUITests.xctest */,
			);
			name = Products;
			sourceTree = "<group>";
		};
		C4A20351289110B60085AC1D /* Affectus */ = {
			isa = PBXGroup;
			children = (
				C4A20352289110B60085AC1D /* AppDelegate.swift */,
				C4A20354289110B60085AC1D /* SceneDelegate.swift */,
				C4A20356289110B60085AC1D /* ViewController.swift */,
				C454513828A944D2003F4A26 /* Extension+ */,
				C4E3E9CF28A3995700C994A3 /* Manager */,
				C4A203CC289132030085AC1D /* Animations */,
				C4A2039B28912AE60085AC1D /* MainTabbar */,
				C4A20388289111800085AC1D /* MainPage */,
				C4863A8D2892644300251BF3 /* AnalizePage */,
				C4FF24E228BA8837008BB7DE /* JournalPage */,
				C4A203B928912FE50085AC1D /* AddNewPage */,
				C4A203A628912D940085AC1D /* SettingsPage */,
				C49E657E29255DA3005A3606 /* SplashScreen */,
				C4A20358289110B60085AC1D /* Main.storyboard */,
				C4A2035E289110B70085AC1D /* Assets.xcassets */,
				C4A20360289110B70085AC1D /* LaunchScreen.storyboard */,
				C4A20363289110B70085AC1D /* Info.plist */,
				C4A2035B289110B60085AC1D /* Affectus.xcdatamodeld */,
			);
			path = Affectus;
			sourceTree = "<group>";
		};
		C4A2036B289110B70085AC1D /* AffectusTests */ = {
			isa = PBXGroup;
			children = (
				C4A2036C289110B70085AC1D /* AffectusTests.swift */,
			);
			path = AffectusTests;
			sourceTree = "<group>";
		};
		C4A20375289110B70085AC1D /* AffectusUITests */ = {
			isa = PBXGroup;
			children = (
				C4A20376289110B70085AC1D /* AffectusUITests.swift */,
				C4A20378289110B70085AC1D /* AffectusUITestsLaunchTests.swift */,
			);
			path = AffectusUITests;
			sourceTree = "<group>";
		};
		C4A20388289111800085AC1D /* MainPage */ = {
			isa = PBXGroup;
			children = (
				C4A203D02891507D0085AC1D /* _Components */,
				C4A203852891115D0085AC1D /* MainViewController.swift */,
				C4A20395289114340085AC1D /* MainViewController.xib */,
				C4A203892891119F0085AC1D /* MainPresenter.swift */,
				C4A2038C289111AD0085AC1D /* MainInteractor.swift */,
				C4A2038F289111B70085AC1D /* MainEntity.swift */,
				C4A20392289111C10085AC1D /* MainRouter.swift */,
			);
			path = MainPage;
			sourceTree = "<group>";
		};
		C4A2039B28912AE60085AC1D /* MainTabbar */ = {
			isa = PBXGroup;
			children = (
				C4A2039828912A400085AC1D /* MainTabbarViewController.swift */,
			);
			path = MainTabbar;
			sourceTree = "<group>";
		};
		C4A203A628912D940085AC1D /* SettingsPage */ = {
			isa = PBXGroup;
			children = (
				C455D63D289D558B00B8DEBE /* _Components */,
				C4A203A328912D760085AC1D /* SettingsViewController.swift */,
				C4A203A728912DA80085AC1D /* SettingsViewController.xib */,
				C4A203AA28912DB80085AC1D /* SettingsPresenter.swift */,
				C4A203AD28912DC70085AC1D /* SettingsInteractor.swift */,
				C4A203B028912DD60085AC1D /* SettingsEntity.swift */,
				C4A203B328912DE20085AC1D /* SettingsRouter.swift */,
			);
			path = SettingsPage;
			sourceTree = "<group>";
		};
		C4A203B928912FE50085AC1D /* AddNewPage */ = {
			isa = PBXGroup;
			children = (
				C43FF6EC2897F71800BFA61B /* _Components */,
				C4A203B628912FDB0085AC1D /* AddNewViewController.swift */,
				C4A203BA2891300A0085AC1D /* AddNewViewController.xib */,
				C4A203BD289130550085AC1D /* AddNewPresenter.swift */,
				C4A203C0289130840085AC1D /* AddNewInteractor.swift */,
				C4A203C3289130D50085AC1D /* AddNewEntity.swift */,
				C4A203C6289130EF0085AC1D /* AddNewRouter.swift */,
			);
			path = AddNewPage;
			sourceTree = "<group>";
		};
		C4A203CC289132030085AC1D /* Animations */ = {
			isa = PBXGroup;
			children = (
				C4A203C9289131F60085AC1D /* PulseAnimation.swift */,
			);
			path = Animations;
			sourceTree = "<group>";
		};
		C4A203D02891507D0085AC1D /* _Components */ = {
			isa = PBXGroup;
			children = (
				C44ED5BE28F3005A00DC9265 /* ConstantQuotes.swift */,
				C43FF6E02897A87200BFA61B /* EditOrDeletePopupView.swift */,
				C43FF6E32897A88300BFA61B /* EditOrDeletePopupView.xib */,
				C4A203CD289150760085AC1D /* MainCell.swift */,
				C4A203D12891509D0085AC1D /* MainCell.xib */,
				C44ED5BC28F2C98B00DC9265 /* ReusableView.swift */,
				C494DD2E29262884000B9245 /* InfoViewController.swift */,
			);
			path = _Components;
			sourceTree = "<group>";
		};
		C4C1E5B5289EDD2A00C00C01 /* _Components */ = {
			isa = PBXGroup;
			children = (
				C4699F7928A146DB00213122 /* AnalizeCell.swift */,
				C4699F7B28A146EA00213122 /* AnalizeCell.xib */,
				C4C1E5B6289EDD4200C00C01 /* AnalizeChartView.swift */,
				C4C1E5B3289EDD1A00C00C01 /* AnalizeChartView.xib */,
			);
			path = _Components;
			sourceTree = "<group>";
		};
		C4E3E9CF28A3995700C994A3 /* Manager */ = {
			isa = PBXGroup;
			children = (
				C4E3E9CC28A3995200C994A3 /* CoreDataManager.swift */,
			);
			path = Manager;
			sourceTree = "<group>";
		};
		C4FF24E228BA8837008BB7DE /* JournalPage */ = {
			isa = PBXGroup;
			children = (
				C4FF24EF28BA8F28008BB7DE /* _Components */,
				C4FF24E028BA882E008BB7DE /* JournalPageViewController.swift */,
				C4FF24E328BA888B008BB7DE /* JournalPageViewController.xib */,
				C4FF24E528BA88C6008BB7DE /* JournalPagePresenter.swift */,
				C4FF24E728BA88F6008BB7DE /* JournalPageInteractor.swift */,
				C4FF24E928BA8963008BB7DE /* JournalPageEntity.swift */,
				C4FF24EB28BA898E008BB7DE /* JournalPageRouter.swift */,
			);
			path = JournalPage;
			sourceTree = "<group>";
		};
		C4FF24EF28BA8F28008BB7DE /* _Components */ = {
			isa = PBXGroup;
			children = (
				C4FF24F028BA8FA7008BB7DE /* JournalPageCollectionCell.swift */,
				C4FF24ED28BA8F21008BB7DE /* JournalPageCollectionCell.xib */,
			);
			path = _Components;
			sourceTree = "<group>";
		};
/* End PBXGroup section */

/* Begin PBXNativeTarget section */
		C4A2034E289110B60085AC1D /* Affectus */ = {
			isa = PBXNativeTarget;
			buildConfigurationList = C4A2037C289110B70085AC1D /* Build configuration list for PBXNativeTarget "Affectus" */;
			buildPhases = (
				C4A2034B289110B60085AC1D /* Sources */,
				C4A2034C289110B60085AC1D /* Frameworks */,
				C4A2034D289110B60085AC1D /* Resources */,
			);
			buildRules = (
			);
			dependencies = (
			);
			name = Affectus;
			packageProductDependencies = (
				C4D605A428E0789C00B7AD79 /* FSCalendar */,
				C49E65702924C225005A3606 /* Charts */,
			);
			productName = Affectus;
			productReference = C4A2034F289110B60085AC1D /* Affectus.app */;
			productType = "com.apple.product-type.application";
		};
		C4A20367289110B70085AC1D /* AffectusTests */ = {
			isa = PBXNativeTarget;
			buildConfigurationList = C4A2037F289110B70085AC1D /* Build configuration list for PBXNativeTarget "AffectusTests" */;
			buildPhases = (
				C4A20364289110B70085AC1D /* Sources */,
				C4A20365289110B70085AC1D /* Frameworks */,
				C4A20366289110B70085AC1D /* Resources */,
			);
			buildRules = (
			);
			dependencies = (
				C4A2036A289110B70085AC1D /* PBXTargetDependency */,
			);
			name = AffectusTests;
			productName = AffectusTests;
			productReference = C4A20368289110B70085AC1D /* AffectusTests.xctest */;
			productType = "com.apple.product-type.bundle.unit-test";
		};
		C4A20371289110B70085AC1D /* AffectusUITests */ = {
			isa = PBXNativeTarget;
			buildConfigurationList = C4A20382289110B70085AC1D /* Build configuration list for PBXNativeTarget "AffectusUITests" */;
			buildPhases = (
				C4A2036E289110B70085AC1D /* Sources */,
				C4A2036F289110B70085AC1D /* Frameworks */,
				C4A20370289110B70085AC1D /* Resources */,
			);
			buildRules = (
			);
			dependencies = (
				C4A20374289110B70085AC1D /* PBXTargetDependency */,
			);
			name = AffectusUITests;
			productName = AffectusUITests;
			productReference = C4A20372289110B70085AC1D /* AffectusUITests.xctest */;
			productType = "com.apple.product-type.bundle.ui-testing";
		};
/* End PBXNativeTarget section */

/* Begin PBXProject section */
		C4A20347289110B60085AC1D /* Project object */ = {
			isa = PBXProject;
			attributes = {
				BuildIndependentTargetsInParallel = 1;
				LastSwiftUpdateCheck = 1340;
				LastUpgradeCheck = 1340;
				TargetAttributes = {
					C4A2034E289110B60085AC1D = {
						CreatedOnToolsVersion = 13.4.1;
					};
					C4A20367289110B70085AC1D = {
						CreatedOnToolsVersion = 13.4.1;
						TestTargetID = C4A2034E289110B60085AC1D;
					};
					C4A20371289110B70085AC1D = {
						CreatedOnToolsVersion = 13.4.1;
						TestTargetID = C4A2034E289110B60085AC1D;
					};
				};
			};
			buildConfigurationList = C4A2034A289110B60085AC1D /* Build configuration list for PBXProject "Affectus" */;
			compatibilityVersion = "Xcode 13.0";
			developmentRegion = en;
			hasScannedForEncodings = 0;
			knownRegions = (
				en,
				Base,
			);
			mainGroup = C4A20346289110B60085AC1D;
			packageReferences = (
				C4D605A328E0789C00B7AD79 /* XCRemoteSwiftPackageReference "FSCalendar" */,
				C49E656F2924C225005A3606 /* XCRemoteSwiftPackageReference "Charts" */,
			);
			productRefGroup = C4A20350289110B60085AC1D /* Products */;
			projectDirPath = "";
			projectRoot = "";
			targets = (
				C4A2034E289110B60085AC1D /* Affectus */,
				C4A20367289110B70085AC1D /* AffectusTests */,
				C4A20371289110B70085AC1D /* AffectusUITests */,
			);
		};
/* End PBXProject section */

/* Begin PBXResourcesBuildPhase section */
		C4A2034D289110B60085AC1D /* Resources */ = {
			isa = PBXResourcesBuildPhase;
			buildActionMask = 2147483647;
			files = (
				C4A20362289110B70085AC1D /* LaunchScreen.storyboard in Resources */,
				C4E3E9D128A4395800C994A3 /* PickEmotionCollectionViewCell.xib in Resources */,
				C4FF24EE28BA8F21008BB7DE /* JournalPageCollectionCell.xib in Resources */,
				C49E657929250326005A3606 /* AvatarCollectionViewCell.xib in Resources */,
				C4A2035F289110B70085AC1D /* Assets.xcassets in Resources */,
				C4A2035A289110B60085AC1D /* Main.storyboard in Resources */,
				C455D641289D55B800B8DEBE /* SettingsCollectionViewCell.xib in Resources */,
				C49E65752924FADD005A3606 /* AvatarPickViewController.xib in Resources */,
				C45E070528994BD400A524FD /* PickEmotionViewController.xib in Resources */,
				C4A20396289114340085AC1D /* MainViewController.xib in Resources */,
				C4A203A828912DA80085AC1D /* SettingsViewController.xib in Resources */,
				C4863A8F2892647300251BF3 /* AnalizeViewController.xib in Resources */,
				C4FF24E428BA888B008BB7DE /* JournalPageViewController.xib in Resources */,
				C43FF6E42897A88300BFA61B /* EditOrDeletePopupView.xib in Resources */,
				C43FF6F4289800D600BFA61B /* DatePickViewController.xib in Resources */,
				C4C1E5B4289EDD1A00C00C01 /* AnalizeChartView.xib in Resources */,
				C4A203D22891509D0085AC1D /* MainCell.xib in Resources */,
				C4A203BB2891300A0085AC1D /* AddNewViewController.xib in Resources */,
				C4699F7C28A146EA00213122 /* AnalizeCell.xib in Resources */,
			);
			runOnlyForDeploymentPostprocessing = 0;
		};
		C4A20366289110B70085AC1D /* Resources */ = {
			isa = PBXResourcesBuildPhase;
			buildActionMask = 2147483647;
			files = (
				C4863A902892647300251BF3 /* AnalizeViewController.xib in Resources */,
				C4E3E9D228A4395800C994A3 /* PickEmotionCollectionViewCell.xib in Resources */,
				C43FF6F5289800D600BFA61B /* DatePickViewController.xib in Resources */,
				C43FF6E52897A88300BFA61B /* EditOrDeletePopupView.xib in Resources */,
				C4A20397289114340085AC1D /* MainViewController.xib in Resources */,
				C4A203A928912DA80085AC1D /* SettingsViewController.xib in Resources */,
				C4A203D32891509D0085AC1D /* MainCell.xib in Resources */,
				C4A203BC2891300A0085AC1D /* AddNewViewController.xib in Resources */,
			);
			runOnlyForDeploymentPostprocessing = 0;
		};
		C4A20370289110B70085AC1D /* Resources */ = {
			isa = PBXResourcesBuildPhase;
			buildActionMask = 2147483647;
			files = (
			);
			runOnlyForDeploymentPostprocessing = 0;
		};
/* End PBXResourcesBuildPhase section */

/* Begin PBXSourcesBuildPhase section */
		C4A2034B289110B60085AC1D /* Sources */ = {
			isa = PBXSourcesBuildPhase;
			buildActionMask = 2147483647;
			files = (
				C4A203AE28912DC70085AC1D /* SettingsInteractor.swift in Sources */,
				C4FF24E128BA882E008BB7DE /* JournalPageViewController.swift in Sources */,
				C4C1E5B7289EDD4200C00C01 /* AnalizeChartView.swift in Sources */,
				C4699F7A28A146DB00213122 /* AnalizeCell.swift in Sources */,
				C4A20357289110B60085AC1D /* ViewController.swift in Sources */,
				C4A2038A2891119F0085AC1D /* MainPresenter.swift in Sources */,
				C4A203C4289130D50085AC1D /* AddNewEntity.swift in Sources */,
				C49E657D29255D7F005A3606 /* SplashScreenItem.swift in Sources */,
				C4FF24EA28BA8963008BB7DE /* JournalPageEntity.swift in Sources */,
				C454513728A944CB003F4A26 /* UIViewControllerExtensions.swift in Sources */,
				C49E657B29255D60005A3606 /* SplashViewController.swift in Sources */,
				C4E3E9CD28A3995200C994A3 /* CoreDataManager.swift in Sources */,
				C4A203A428912D760085AC1D /* SettingsViewController.swift in Sources */,
				C4863A92289265CD00251BF3 /* AnalizePresenter.swift in Sources */,
				C455D63C289D556100B8DEBE /* SettingsCollectionViewCell.swift in Sources */,
				C4A20353289110B60085AC1D /* AppDelegate.swift in Sources */,
				C429B7A228B6BBD700C2741A /* DateExtensions.swift in Sources */,
				C4A2035D289110B60085AC1D /* Affectus.xcdatamodeld in Sources */,
				C41265F828BF87330071C959 /* NotificationNameExtensions.swift in Sources */,
				C4FF24E828BA88F6008BB7DE /* JournalPageInteractor.swift in Sources */,
				C4863A9B289265FB00251BF3 /* AnalizeRouter.swift in Sources */,
				C4863A8B2892643900251BF3 /* AnalizeViewController.swift in Sources */,
				C494DD2F29262884000B9245 /* InfoViewController.swift in Sources */,
				C4A20355289110B60085AC1D /* SceneDelegate.swift in Sources */,
				C4A203B728912FDB0085AC1D /* AddNewViewController.swift in Sources */,
				C4FF24F128BA8FA7008BB7DE /* JournalPageCollectionCell.swift in Sources */,
				C4A20390289111B70085AC1D /* MainEntity.swift in Sources */,
				C4A2038D289111AD0085AC1D /* MainInteractor.swift in Sources */,
				C4A203BE289130550085AC1D /* AddNewPresenter.swift in Sources */,
				C44ED5BF28F3005A00DC9265 /* ConstantQuotes.swift in Sources */,
				C43FF6F7289800E800BFA61B /* DatePickViewController.swift in Sources */,
				C4863A95289265E000251BF3 /* AnalizeInteractor.swift in Sources */,
				C4A203C1289130840085AC1D /* AddNewInteractor.swift in Sources */,
				C4A203C7289130EF0085AC1D /* AddNewRouter.swift in Sources */,
				C4863A98289265EE00251BF3 /* AnalizeEntity.swift in Sources */,
				C4A203B428912DE20085AC1D /* SettingsRouter.swift in Sources */,
				C45E070228994BC500A524FD /* PickEmotionViewController.swift in Sources */,
				C4A203862891115D0085AC1D /* MainViewController.swift in Sources */,
				C4A203CE289150760085AC1D /* MainCell.swift in Sources */,
				C4A203CA289131F60085AC1D /* PulseAnimation.swift in Sources */,
				C4FF24E628BA88C6008BB7DE /* JournalPagePresenter.swift in Sources */,
				C4A20393289111C10085AC1D /* MainRouter.swift in Sources */,
				C43FF6E12897A87200BFA61B /* EditOrDeletePopupView.swift in Sources */,
				C44ED5BD28F2C98B00DC9265 /* ReusableView.swift in Sources */,
				C4A2039928912A400085AC1D /* MainTabbarViewController.swift in Sources */,
				C4A203AB28912DB80085AC1D /* SettingsPresenter.swift in Sources */,
				C45E070A2899555700A524FD /* PickEmotionCollectionViewCell.swift in Sources */,
				C4A203B128912DD60085AC1D /* SettingsEntity.swift in Sources */,
				C454513528A91A56003F4A26 /* PickEmotionEntity.swift in Sources */,
				C49E65732924FAA3005A3606 /* AvatarPickViewController.swift in Sources */,
				C49E65772925030B005A3606 /* AvatarCollectionViewCell.swift in Sources */,
				C4FF24EC28BA898E008BB7DE /* JournalPageRouter.swift in Sources */,
			);
			runOnlyForDeploymentPostprocessing = 0;
		};
		C4A20364289110B70085AC1D /* Sources */ = {
			isa = PBXSourcesBuildPhase;
			buildActionMask = 2147483647;
			files = (
				C4863A96289265E000251BF3 /* AnalizeInteractor.swift in Sources */,
				C4A203C2289130840085AC1D /* AddNewInteractor.swift in Sources */,
				C4A2036D289110B70085AC1D /* AffectusTests.swift in Sources */,
				C4A203CF289150760085AC1D /* MainCell.swift in Sources */,
				C4A2038B2891119F0085AC1D /* MainPresenter.swift in Sources */,
				C4A203872891115D0085AC1D /* MainViewController.swift in Sources */,
				C4E3E9CE28A3995200C994A3 /* CoreDataManager.swift in Sources */,
				C43FF6E22897A87200BFA61B /* EditOrDeletePopupView.swift in Sources */,
				C4A203AC28912DB80085AC1D /* SettingsPresenter.swift in Sources */,
				C4A203C5289130D50085AC1D /* AddNewEntity.swift in Sources */,
				C45E070B2899555700A524FD /* PickEmotionCollectionViewCell.swift in Sources */,
				C4A203B528912DE20085AC1D /* SettingsRouter.swift in Sources */,
				C4863A9D2892743400251BF3 /* AnalizeViewController.swift in Sources */,
				C4A2039A28912A400085AC1D /* MainTabbarViewController.swift in Sources */,
				C4A203CB289131F60085AC1D /* PulseAnimation.swift in Sources */,
				C4A203C8289130EF0085AC1D /* AddNewRouter.swift in Sources */,
				C4A203B228912DD60085AC1D /* SettingsEntity.swift in Sources */,
				C4A2038E289111AD0085AC1D /* MainInteractor.swift in Sources */,
				C45E070328994BC500A524FD /* PickEmotionViewController.swift in Sources */,
				C4863A9C289265FB00251BF3 /* AnalizeRouter.swift in Sources */,
				C4A20391289111B70085AC1D /* MainEntity.swift in Sources */,
				C4863A99289265EE00251BF3 /* AnalizeEntity.swift in Sources */,
				C43FF6F8289800E800BFA61B /* DatePickViewController.swift in Sources */,
				C4A20394289111C10085AC1D /* MainRouter.swift in Sources */,
				C4A203AF28912DC70085AC1D /* SettingsInteractor.swift in Sources */,
				C4A203BF289130550085AC1D /* AddNewPresenter.swift in Sources */,
				C4863A93289265CD00251BF3 /* AnalizePresenter.swift in Sources */,
			);
			runOnlyForDeploymentPostprocessing = 0;
		};
		C4A2036E289110B70085AC1D /* Sources */ = {
			isa = PBXSourcesBuildPhase;
			buildActionMask = 2147483647;
			files = (
				C4A20379289110B70085AC1D /* AffectusUITestsLaunchTests.swift in Sources */,
				C4A20377289110B70085AC1D /* AffectusUITests.swift in Sources */,
			);
			runOnlyForDeploymentPostprocessing = 0;
		};
/* End PBXSourcesBuildPhase section */

/* Begin PBXTargetDependency section */
		C4A2036A289110B70085AC1D /* PBXTargetDependency */ = {
			isa = PBXTargetDependency;
			target = C4A2034E289110B60085AC1D /* Affectus */;
			targetProxy = C4A20369289110B70085AC1D /* PBXContainerItemProxy */;
		};
		C4A20374289110B70085AC1D /* PBXTargetDependency */ = {
			isa = PBXTargetDependency;
			target = C4A2034E289110B60085AC1D /* Affectus */;
			targetProxy = C4A20373289110B70085AC1D /* PBXContainerItemProxy */;
		};
/* End PBXTargetDependency section */

/* Begin PBXVariantGroup section */
		C4A20358289110B60085AC1D /* Main.storyboard */ = {
			isa = PBXVariantGroup;
			children = (
				C4A20359289110B60085AC1D /* Base */,
			);
			name = Main.storyboard;
			sourceTree = "<group>";
		};
		C4A20360289110B70085AC1D /* LaunchScreen.storyboard */ = {
			isa = PBXVariantGroup;
			children = (
				C4A20361289110B70085AC1D /* Base */,
			);
			name = LaunchScreen.storyboard;
			sourceTree = "<group>";
		};
/* End PBXVariantGroup section */

/* Begin XCBuildConfiguration section */
		C4A2037A289110B70085AC1D /* Debug */ = {
			isa = XCBuildConfiguration;
			buildSettings = {
				ALWAYS_SEARCH_USER_PATHS = NO;
				CLANG_ANALYZER_NONNULL = YES;
				CLANG_ANALYZER_NUMBER_OBJECT_CONVERSION = YES_AGGRESSIVE;
				CLANG_CXX_LANGUAGE_STANDARD = "gnu++17";
				CLANG_ENABLE_MODULES = YES;
				CLANG_ENABLE_OBJC_ARC = YES;
				CLANG_ENABLE_OBJC_WEAK = YES;
				CLANG_WARN_BLOCK_CAPTURE_AUTORELEASING = YES;
				CLANG_WARN_BOOL_CONVERSION = YES;
				CLANG_WARN_COMMA = YES;
				CLANG_WARN_CONSTANT_CONVERSION = YES;
				CLANG_WARN_DEPRECATED_OBJC_IMPLEMENTATIONS = YES;
				CLANG_WARN_DIRECT_OBJC_ISA_USAGE = YES_ERROR;
				CLANG_WARN_DOCUMENTATION_COMMENTS = YES;
				CLANG_WARN_EMPTY_BODY = YES;
				CLANG_WARN_ENUM_CONVERSION = YES;
				CLANG_WARN_INFINITE_RECURSION = YES;
				CLANG_WARN_INT_CONVERSION = YES;
				CLANG_WARN_NON_LITERAL_NULL_CONVERSION = YES;
				CLANG_WARN_OBJC_IMPLICIT_RETAIN_SELF = YES;
				CLANG_WARN_OBJC_LITERAL_CONVERSION = YES;
				CLANG_WARN_OBJC_ROOT_CLASS = YES_ERROR;
				CLANG_WARN_QUOTED_INCLUDE_IN_FRAMEWORK_HEADER = YES;
				CLANG_WARN_RANGE_LOOP_ANALYSIS = YES;
				CLANG_WARN_STRICT_PROTOTYPES = YES;
				CLANG_WARN_SUSPICIOUS_MOVE = YES;
				CLANG_WARN_UNGUARDED_AVAILABILITY = YES_AGGRESSIVE;
				CLANG_WARN_UNREACHABLE_CODE = YES;
				CLANG_WARN__DUPLICATE_METHOD_MATCH = YES;
				COPY_PHASE_STRIP = NO;
				DEBUG_INFORMATION_FORMAT = dwarf;
				ENABLE_STRICT_OBJC_MSGSEND = YES;
				ENABLE_TESTABILITY = YES;
				GCC_C_LANGUAGE_STANDARD = gnu11;
				GCC_DYNAMIC_NO_PIC = NO;
				GCC_NO_COMMON_BLOCKS = YES;
				GCC_OPTIMIZATION_LEVEL = 0;
				GCC_PREPROCESSOR_DEFINITIONS = (
					"DEBUG=1",
					"$(inherited)",
				);
				GCC_WARN_64_TO_32_BIT_CONVERSION = YES;
				GCC_WARN_ABOUT_RETURN_TYPE = YES_ERROR;
				GCC_WARN_UNDECLARED_SELECTOR = YES;
				GCC_WARN_UNINITIALIZED_AUTOS = YES_AGGRESSIVE;
				GCC_WARN_UNUSED_FUNCTION = YES;
				GCC_WARN_UNUSED_VARIABLE = YES;
				IPHONEOS_DEPLOYMENT_TARGET = 15.5;
				MTL_ENABLE_DEBUG_INFO = INCLUDE_SOURCE;
				MTL_FAST_MATH = YES;
				ONLY_ACTIVE_ARCH = YES;
				SDKROOT = iphoneos;
				SWIFT_ACTIVE_COMPILATION_CONDITIONS = DEBUG;
				SWIFT_OPTIMIZATION_LEVEL = "-Onone";
			};
			name = Debug;
		};
		C4A2037B289110B70085AC1D /* Release */ = {
			isa = XCBuildConfiguration;
			buildSettings = {
				ALWAYS_SEARCH_USER_PATHS = NO;
				CLANG_ANALYZER_NONNULL = YES;
				CLANG_ANALYZER_NUMBER_OBJECT_CONVERSION = YES_AGGRESSIVE;
				CLANG_CXX_LANGUAGE_STANDARD = "gnu++17";
				CLANG_ENABLE_MODULES = YES;
				CLANG_ENABLE_OBJC_ARC = YES;
				CLANG_ENABLE_OBJC_WEAK = YES;
				CLANG_WARN_BLOCK_CAPTURE_AUTORELEASING = YES;
				CLANG_WARN_BOOL_CONVERSION = YES;
				CLANG_WARN_COMMA = YES;
				CLANG_WARN_CONSTANT_CONVERSION = YES;
				CLANG_WARN_DEPRECATED_OBJC_IMPLEMENTATIONS = YES;
				CLANG_WARN_DIRECT_OBJC_ISA_USAGE = YES_ERROR;
				CLANG_WARN_DOCUMENTATION_COMMENTS = YES;
				CLANG_WARN_EMPTY_BODY = YES;
				CLANG_WARN_ENUM_CONVERSION = YES;
				CLANG_WARN_INFINITE_RECURSION = YES;
				CLANG_WARN_INT_CONVERSION = YES;
				CLANG_WARN_NON_LITERAL_NULL_CONVERSION = YES;
				CLANG_WARN_OBJC_IMPLICIT_RETAIN_SELF = YES;
				CLANG_WARN_OBJC_LITERAL_CONVERSION = YES;
				CLANG_WARN_OBJC_ROOT_CLASS = YES_ERROR;
				CLANG_WARN_QUOTED_INCLUDE_IN_FRAMEWORK_HEADER = YES;
				CLANG_WARN_RANGE_LOOP_ANALYSIS = YES;
				CLANG_WARN_STRICT_PROTOTYPES = YES;
				CLANG_WARN_SUSPICIOUS_MOVE = YES;
				CLANG_WARN_UNGUARDED_AVAILABILITY = YES_AGGRESSIVE;
				CLANG_WARN_UNREACHABLE_CODE = YES;
				CLANG_WARN__DUPLICATE_METHOD_MATCH = YES;
				COPY_PHASE_STRIP = NO;
				DEBUG_INFORMATION_FORMAT = "dwarf-with-dsym";
				ENABLE_NS_ASSERTIONS = NO;
				ENABLE_STRICT_OBJC_MSGSEND = YES;
				GCC_C_LANGUAGE_STANDARD = gnu11;
				GCC_NO_COMMON_BLOCKS = YES;
				GCC_WARN_64_TO_32_BIT_CONVERSION = YES;
				GCC_WARN_ABOUT_RETURN_TYPE = YES_ERROR;
				GCC_WARN_UNDECLARED_SELECTOR = YES;
				GCC_WARN_UNINITIALIZED_AUTOS = YES_AGGRESSIVE;
				GCC_WARN_UNUSED_FUNCTION = YES;
				GCC_WARN_UNUSED_VARIABLE = YES;
				IPHONEOS_DEPLOYMENT_TARGET = 15.5;
				MTL_ENABLE_DEBUG_INFO = NO;
				MTL_FAST_MATH = YES;
				SDKROOT = iphoneos;
				SWIFT_COMPILATION_MODE = wholemodule;
				SWIFT_OPTIMIZATION_LEVEL = "-O";
				VALIDATE_PRODUCT = YES;
			};
			name = Release;
		};
		C4A2037D289110B70085AC1D /* Debug */ = {
			isa = XCBuildConfiguration;
			buildSettings = {
				ASSETCATALOG_COMPILER_APPICON_NAME = AppIcon;
				ASSETCATALOG_COMPILER_GLOBAL_ACCENT_COLOR_NAME = AccentColor;
				CODE_SIGN_STYLE = Automatic;
				CURRENT_PROJECT_VERSION = 1;
				DEVELOPMENT_TEAM = 2K6R4XFXZB;
				GENERATE_INFOPLIST_FILE = YES;
				INFOPLIST_FILE = Affectus/Info.plist;
				INFOPLIST_KEY_UIApplicationSupportsIndirectInputEvents = YES;
				INFOPLIST_KEY_UILaunchStoryboardName = LaunchScreen;
				INFOPLIST_KEY_UIMainStoryboardFile = Main;
				INFOPLIST_KEY_UISupportedInterfaceOrientations_iPad = "UIInterfaceOrientationPortrait UIInterfaceOrientationPortraitUpsideDown UIInterfaceOrientationLandscapeLeft UIInterfaceOrientationLandscapeRight";
				INFOPLIST_KEY_UISupportedInterfaceOrientations_iPhone = "UIInterfaceOrientationPortrait UIInterfaceOrientationLandscapeLeft UIInterfaceOrientationLandscapeRight";
				LD_RUNPATH_SEARCH_PATHS = (
					"$(inherited)",
					"@executable_path/Frameworks",
				);
				MARKETING_VERSION = 1.0;
				PRODUCT_BUNDLE_IDENTIFIER = SezginCiftci.Affectus;
				PRODUCT_NAME = "$(TARGET_NAME)";
				SWIFT_EMIT_LOC_STRINGS = YES;
				SWIFT_VERSION = 5.0;
				TARGETED_DEVICE_FAMILY = "1,2";
			};
			name = Debug;
		};
		C4A2037E289110B70085AC1D /* Release */ = {
			isa = XCBuildConfiguration;
			buildSettings = {
				ASSETCATALOG_COMPILER_APPICON_NAME = AppIcon;
				ASSETCATALOG_COMPILER_GLOBAL_ACCENT_COLOR_NAME = AccentColor;
				CODE_SIGN_STYLE = Automatic;
				CURRENT_PROJECT_VERSION = 1;
				DEVELOPMENT_TEAM = 2K6R4XFXZB;
				GENERATE_INFOPLIST_FILE = YES;
				INFOPLIST_FILE = Affectus/Info.plist;
				INFOPLIST_KEY_UIApplicationSupportsIndirectInputEvents = YES;
				INFOPLIST_KEY_UILaunchStoryboardName = LaunchScreen;
				INFOPLIST_KEY_UIMainStoryboardFile = Main;
				INFOPLIST_KEY_UISupportedInterfaceOrientations_iPad = "UIInterfaceOrientationPortrait UIInterfaceOrientationPortraitUpsideDown UIInterfaceOrientationLandscapeLeft UIInterfaceOrientationLandscapeRight";
				INFOPLIST_KEY_UISupportedInterfaceOrientations_iPhone = "UIInterfaceOrientationPortrait UIInterfaceOrientationLandscapeLeft UIInterfaceOrientationLandscapeRight";
				LD_RUNPATH_SEARCH_PATHS = (
					"$(inherited)",
					"@executable_path/Frameworks",
				);
				MARKETING_VERSION = 1.0;
				PRODUCT_BUNDLE_IDENTIFIER = SezginCiftci.Affectus;
				PRODUCT_NAME = "$(TARGET_NAME)";
				SWIFT_EMIT_LOC_STRINGS = YES;
				SWIFT_VERSION = 5.0;
				TARGETED_DEVICE_FAMILY = "1,2";
			};
			name = Release;
		};
		C4A20380289110B70085AC1D /* Debug */ = {
			isa = XCBuildConfiguration;
			buildSettings = {
				ALWAYS_EMBED_SWIFT_STANDARD_LIBRARIES = YES;
				BUNDLE_LOADER = "$(TEST_HOST)";
				CODE_SIGN_STYLE = Automatic;
				CURRENT_PROJECT_VERSION = 1;
				DEVELOPMENT_TEAM = 2K6R4XFXZB;
				GENERATE_INFOPLIST_FILE = YES;
				IPHONEOS_DEPLOYMENT_TARGET = 15.5;
				MARKETING_VERSION = 1.0;
				PRODUCT_BUNDLE_IDENTIFIER = SezginCiftci.AffectusTests;
				PRODUCT_NAME = "$(TARGET_NAME)";
				SWIFT_EMIT_LOC_STRINGS = NO;
				SWIFT_VERSION = 5.0;
				TARGETED_DEVICE_FAMILY = "1,2";
				TEST_HOST = "$(BUILT_PRODUCTS_DIR)/Affectus.app/Affectus";
			};
			name = Debug;
		};
		C4A20381289110B70085AC1D /* Release */ = {
			isa = XCBuildConfiguration;
			buildSettings = {
				ALWAYS_EMBED_SWIFT_STANDARD_LIBRARIES = YES;
				BUNDLE_LOADER = "$(TEST_HOST)";
				CODE_SIGN_STYLE = Automatic;
				CURRENT_PROJECT_VERSION = 1;
				DEVELOPMENT_TEAM = 2K6R4XFXZB;
				GENERATE_INFOPLIST_FILE = YES;
				IPHONEOS_DEPLOYMENT_TARGET = 15.5;
				MARKETING_VERSION = 1.0;
				PRODUCT_BUNDLE_IDENTIFIER = SezginCiftci.AffectusTests;
				PRODUCT_NAME = "$(TARGET_NAME)";
				SWIFT_EMIT_LOC_STRINGS = NO;
				SWIFT_VERSION = 5.0;
				TARGETED_DEVICE_FAMILY = "1,2";
				TEST_HOST = "$(BUILT_PRODUCTS_DIR)/Affectus.app/Affectus";
			};
			name = Release;
		};
		C4A20383289110B70085AC1D /* Debug */ = {
			isa = XCBuildConfiguration;
			buildSettings = {
				ALWAYS_EMBED_SWIFT_STANDARD_LIBRARIES = YES;
				CODE_SIGN_STYLE = Automatic;
				CURRENT_PROJECT_VERSION = 1;
				DEVELOPMENT_TEAM = 2K6R4XFXZB;
				GENERATE_INFOPLIST_FILE = YES;
				MARKETING_VERSION = 1.0;
				PRODUCT_BUNDLE_IDENTIFIER = SezginCiftci.AffectusUITests;
				PRODUCT_NAME = "$(TARGET_NAME)";
				SWIFT_EMIT_LOC_STRINGS = NO;
				SWIFT_VERSION = 5.0;
				TARGETED_DEVICE_FAMILY = "1,2";
				TEST_TARGET_NAME = Affectus;
			};
			name = Debug;
		};
		C4A20384289110B70085AC1D /* Release */ = {
			isa = XCBuildConfiguration;
			buildSettings = {
				ALWAYS_EMBED_SWIFT_STANDARD_LIBRARIES = YES;
				CODE_SIGN_STYLE = Automatic;
				CURRENT_PROJECT_VERSION = 1;
				DEVELOPMENT_TEAM = 2K6R4XFXZB;
				GENERATE_INFOPLIST_FILE = YES;
				MARKETING_VERSION = 1.0;
				PRODUCT_BUNDLE_IDENTIFIER = SezginCiftci.AffectusUITests;
				PRODUCT_NAME = "$(TARGET_NAME)";
				SWIFT_EMIT_LOC_STRINGS = NO;
				SWIFT_VERSION = 5.0;
				TARGETED_DEVICE_FAMILY = "1,2";
				TEST_TARGET_NAME = Affectus;
			};
			name = Release;
		};
/* End XCBuildConfiguration section */

/* Begin XCConfigurationList section */
		C4A2034A289110B60085AC1D /* Build configuration list for PBXProject "Affectus" */ = {
			isa = XCConfigurationList;
			buildConfigurations = (
				C4A2037A289110B70085AC1D /* Debug */,
				C4A2037B289110B70085AC1D /* Release */,
			);
			defaultConfigurationIsVisible = 0;
			defaultConfigurationName = Release;
		};
		C4A2037C289110B70085AC1D /* Build configuration list for PBXNativeTarget "Affectus" */ = {
			isa = XCConfigurationList;
			buildConfigurations = (
				C4A2037D289110B70085AC1D /* Debug */,
				C4A2037E289110B70085AC1D /* Release */,
			);
			defaultConfigurationIsVisible = 0;
			defaultConfigurationName = Release;
		};
		C4A2037F289110B70085AC1D /* Build configuration list for PBXNativeTarget "AffectusTests" */ = {
			isa = XCConfigurationList;
			buildConfigurations = (
				C4A20380289110B70085AC1D /* Debug */,
				C4A20381289110B70085AC1D /* Release */,
			);
			defaultConfigurationIsVisible = 0;
			defaultConfigurationName = Release;
		};
		C4A20382289110B70085AC1D /* Build configuration list for PBXNativeTarget "AffectusUITests" */ = {
			isa = XCConfigurationList;
			buildConfigurations = (
				C4A20383289110B70085AC1D /* Debug */,
				C4A20384289110B70085AC1D /* Release */,
			);
			defaultConfigurationIsVisible = 0;
			defaultConfigurationName = Release;
		};
/* End XCConfigurationList section */

/* Begin XCRemoteSwiftPackageReference section */
		C49E656F2924C225005A3606 /* XCRemoteSwiftPackageReference "Charts" */ = {
			isa = XCRemoteSwiftPackageReference;
			repositoryURL = "https://github.com/danielgindi/Charts.git";
			requirement = {
				branch = master;
				kind = branch;
			};
		};
		C4D605A328E0789C00B7AD79 /* XCRemoteSwiftPackageReference "FSCalendar" */ = {
			isa = XCRemoteSwiftPackageReference;
			repositoryURL = "https://github.com/WenchaoD/FSCalendar.git";
			requirement = {
				kind = upToNextMajorVersion;
				minimumVersion = 2.0.0;
			};
		};
/* End XCRemoteSwiftPackageReference section */

/* Begin XCSwiftPackageProductDependency section */
		C49E65702924C225005A3606 /* Charts */ = {
			isa = XCSwiftPackageProductDependency;
			package = C49E656F2924C225005A3606 /* XCRemoteSwiftPackageReference "Charts" */;
			productName = Charts;
		};
		C4D605A428E0789C00B7AD79 /* FSCalendar */ = {
			isa = XCSwiftPackageProductDependency;
			package = C4D605A328E0789C00B7AD79 /* XCRemoteSwiftPackageReference "FSCalendar" */;
			productName = FSCalendar;
		};
/* End XCSwiftPackageProductDependency section */

/* Begin XCVersionGroup section */
		C4A2035B289110B60085AC1D /* Affectus.xcdatamodeld */ = {
			isa = XCVersionGroup;
			children = (
				C4A2035C289110B60085AC1D /* Affectus.xcdatamodel */,
			);
			currentVersion = C4A2035C289110B60085AC1D /* Affectus.xcdatamodel */;
			path = Affectus.xcdatamodeld;
			sourceTree = "<group>";
			versionGroupType = wrapper.xcdatamodel;
		};
/* End XCVersionGroup section */
	};
	rootObject = C4A20347289110B60085AC1D /* Project object */;
}
